// !$*UTF8*$!
{
	archiveVersion = 1;
	classes = {
	};
	objectVersion = 46;
	objects = {

/* Begin PBXBuildFile section */
		F30F9F1621040BE600312AF0 /* AppDelegate.swift in Sources */ = {isa = PBXBuildFile; fileRef = F30F9F1521040BE600312AF0 /* AppDelegate.swift */; };
		F30F9F1821040BE600312AF0 /* ViewController.swift in Sources */ = {isa = PBXBuildFile; fileRef = F30F9F1721040BE600312AF0 /* ViewController.swift */; };
		F30F9F1B21040BE600312AF0 /* Main.storyboard in Resources */ = {isa = PBXBuildFile; fileRef = F30F9F1921040BE600312AF0 /* Main.storyboard */; };
		F30F9F1D21040BE600312AF0 /* Assets.xcassets in Resources */ = {isa = PBXBuildFile; fileRef = F30F9F1C21040BE600312AF0 /* Assets.xcassets */; };
		F30F9F2021040BE600312AF0 /* LaunchScreen.storyboard in Resources */ = {isa = PBXBuildFile; fileRef = F30F9F1E21040BE600312AF0 /* LaunchScreen.storyboard */; };
		F30F9F2B21040BE700312AF0 /* app_swooshTests.swift in Sources */ = {isa = PBXBuildFile; fileRef = F30F9F2A21040BE700312AF0 /* app_swooshTests.swift */; };
		F30F9F3621040BE700312AF0 /* app_swooshUITests.swift in Sources */ = {isa = PBXBuildFile; fileRef = F30F9F3521040BE700312AF0 /* app_swooshUITests.swift */; };
		F30F9F452104136C00312AF0 /* BorderButton.swift in Sources */ = {isa = PBXBuildFile; fileRef = F30F9F442104136C00312AF0 /* BorderButton.swift */; };
/* End PBXBuildFile section */

/* Begin PBXContainerItemProxy section */
		F30F9F2721040BE600312AF0 /* PBXContainerItemProxy */ = {
			isa = PBXContainerItemProxy;
			containerPortal = F30F9F0A21040BE600312AF0 /* Project object */;
			proxyType = 1;
			remoteGlobalIDString = F30F9F1121040BE600312AF0;
			remoteInfo = "app-swoosh";
		};
		F30F9F3221040BE700312AF0 /* PBXContainerItemProxy */ = {
			isa = PBXContainerItemProxy;
			containerPortal = F30F9F0A21040BE600312AF0 /* Project object */;
			proxyType = 1;
			remoteGlobalIDString = F30F9F1121040BE600312AF0;
			remoteInfo = "app-swoosh";
		};
/* End PBXContainerItemProxy section */

/* Begin PBXFileReference section */
		F30F9F1221040BE600312AF0 /* app-swoosh.app */ = {isa = PBXFileReference; explicitFileType = wrapper.application; includeInIndex = 0; path = "app-swoosh.app"; sourceTree = BUILT_PRODUCTS_DIR; };
		F30F9F1521040BE600312AF0 /* AppDelegate.swift */ = {isa = PBXFileReference; lastKnownFileType = sourcecode.swift; path = AppDelegate.swift; sourceTree = "<group>"; };
		F30F9F1721040BE600312AF0 /* ViewController.swift */ = {isa = PBXFileReference; lastKnownFileType = sourcecode.swift; path = ViewController.swift; sourceTree = "<group>"; };
		F30F9F1A21040BE600312AF0 /* Base */ = {isa = PBXFileReference; lastKnownFileType = file.storyboard; name = Base; path = Base.lproj/Main.storyboard; sourceTree = "<group>"; };
		F30F9F1C21040BE600312AF0 /* Assets.xcassets */ = {isa = PBXFileReference; lastKnownFileType = folder.assetcatalog; path = Assets.xcassets; sourceTree = "<group>"; };
		F30F9F1F21040BE600312AF0 /* Base */ = {isa = PBXFileReference; lastKnownFileType = file.storyboard; name = Base; path = Base.lproj/LaunchScreen.storyboard; sourceTree = "<group>"; };
		F30F9F2121040BE600312AF0 /* Info.plist */ = {isa = PBXFileReference; lastKnownFileType = text.plist.xml; path = Info.plist; sourceTree = "<group>"; };
		F30F9F2621040BE600312AF0 /* app-swooshTests.xctest */ = {isa = PBXFileReference; explicitFileType = wrapper.cfbundle; includeInIndex = 0; path = "app-swooshTests.xctest"; sourceTree = BUILT_PRODUCTS_DIR; };
		F30F9F2A21040BE700312AF0 /* app_swooshTests.swift */ = {isa = PBXFileReference; lastKnownFileType = sourcecode.swift; path = app_swooshTests.swift; sourceTree = "<group>"; };
		F30F9F2C21040BE700312AF0 /* Info.plist */ = {isa = PBXFileReference; lastKnownFileType = text.plist.xml; path = Info.plist; sourceTree = "<group>"; };
		F30F9F3121040BE700312AF0 /* app-swooshUITests.xctest */ = {isa = PBXFileReference; explicitFileType = wrapper.cfbundle; includeInIndex = 0; path = "app-swooshUITests.xctest"; sourceTree = BUILT_PRODUCTS_DIR; };
		F30F9F3521040BE700312AF0 /* app_swooshUITests.swift */ = {isa = PBXFileReference; lastKnownFileType = sourcecode.swift; path = app_swooshUITests.swift; sourceTree = "<group>"; };
		F30F9F3721040BE700312AF0 /* Info.plist */ = {isa = PBXFileReference; lastKnownFileType = text.plist.xml; path = Info.plist; sourceTree = "<group>"; };
		F30F9F442104136C00312AF0 /* BorderButton.swift */ = {isa = PBXFileReference; fileEncoding = 4; lastKnownFileType = sourcecode.swift; path = BorderButton.swift; sourceTree = "<group>"; };
/* End PBXFileReference section */

/* Begin PBXFrameworksBuildPhase section */
		F30F9F0F21040BE600312AF0 /* Frameworks */ = {
			isa = PBXFrameworksBuildPhase;
			buildActionMask = 2147483647;
			files = (
			);
			runOnlyForDeploymentPostprocessing = 0;
		};
		F30F9F2321040BE600312AF0 /* Frameworks */ = {
			isa = PBXFrameworksBuildPhase;
			buildActionMask = 2147483647;
			files = (
			);
			runOnlyForDeploymentPostprocessing = 0;
		};
		F30F9F2E21040BE700312AF0 /* Frameworks */ = {
			isa = PBXFrameworksBuildPhase;
			buildActionMask = 2147483647;
			files = (
			);
			runOnlyForDeploymentPostprocessing = 0;
		};
/* End PBXFrameworksBuildPhase section */

/* Begin PBXGroup section */
		F30F9F0921040BE600312AF0 = {
			isa = PBXGroup;
			children = (
				F30F9F1421040BE600312AF0 /* app-swoosh */,
				F30F9F2921040BE700312AF0 /* app-swooshTests */,
				F30F9F3421040BE700312AF0 /* app-swooshUITests */,
				F30F9F1321040BE600312AF0 /* Products */,
			);
			sourceTree = "<group>";
		};
		F30F9F1321040BE600312AF0 /* Products */ = {
			isa = PBXGroup;
			children = (
				F30F9F1221040BE600312AF0 /* app-swoosh.app */,
				F30F9F2621040BE600312AF0 /* app-swooshTests.xctest */,
				F30F9F3121040BE700312AF0 /* app-swooshUITests.xctest */,
			);
			name = Products;
			sourceTree = "<group>";
		};
		F30F9F1421040BE600312AF0 /* app-swoosh */ = {
			isa = PBXGroup;
			children = (
				F30F9F432104130D00312AF0 /* Views */,
				F30F9F1521040BE600312AF0 /* AppDelegate.swift */,
				F30F9F1721040BE600312AF0 /* ViewController.swift */,
				F30F9F1921040BE600312AF0 /* Main.storyboard */,
				F30F9F1C21040BE600312AF0 /* Assets.xcassets */,
				F30F9F1E21040BE600312AF0 /* LaunchScreen.storyboard */,
				F30F9F2121040BE600312AF0 /* Info.plist */,
			);
			path = "app-swoosh";
			sourceTree = "<group>";
		};
		F30F9F2921040BE700312AF0 /* app-swooshTests */ = {
			isa = PBXGroup;
			children = (
				F30F9F2A21040BE700312AF0 /* app_swooshTests.swift */,
				F30F9F2C21040BE700312AF0 /* Info.plist */,
			);
			path = "app-swooshTests";
			sourceTree = "<group>";
		};
		F30F9F3421040BE700312AF0 /* app-swooshUITests */ = {
			isa = PBXGroup;
			children = (
				F30F9F3521040BE700312AF0 /* app_swooshUITests.swift */,
				F30F9F3721040BE700312AF0 /* Info.plist */,
			);
			path = "app-swooshUITests";
			sourceTree = "<group>";
		};
		F30F9F432104130D00312AF0 /* Views */ = {
			isa = PBXGroup;
			children = (
				F30F9F442104136C00312AF0 /* BorderButton.swift */,
			);
			name = Views;
			sourceTree = "<group>";
		};
/* End PBXGroup section */

/* Begin PBXNativeTarget section */
		F30F9F1121040BE600312AF0 /* app-swoosh */ = {
			isa = PBXNativeTarget;
			buildConfigurationList = F30F9F3A21040BE700312AF0 /* Build configuration list for PBXNativeTarget "app-swoosh" */;
			buildPhases = (
				F30F9F0E21040BE600312AF0 /* Sources */,
				F30F9F0F21040BE600312AF0 /* Frameworks */,
				F30F9F1021040BE600312AF0 /* Resources */,
			);
			buildRules = (
			);
			dependencies = (
			);
			name = "app-swoosh";
			productName = "app-swoosh";
			productReference = F30F9F1221040BE600312AF0 /* app-swoosh.app */;
			productType = "com.apple.product-type.application";
		};
		F30F9F2521040BE600312AF0 /* app-swooshTests */ = {
			isa = PBXNativeTarget;
			buildConfigurationList = F30F9F3D21040BE700312AF0 /* Build configuration list for PBXNativeTarget "app-swooshTests" */;
			buildPhases = (
				F30F9F2221040BE600312AF0 /* Sources */,
				F30F9F2321040BE600312AF0 /* Frameworks */,
				F30F9F2421040BE600312AF0 /* Resources */,
			);
			buildRules = (
			);
			dependencies = (
				F30F9F2821040BE600312AF0 /* PBXTargetDependency */,
			);
			name = "app-swooshTests";
			productName = "app-swooshTests";
			productReference = F30F9F2621040BE600312AF0 /* app-swooshTests.xctest */;
			productType = "com.apple.product-type.bundle.unit-test";
		};
		F30F9F3021040BE700312AF0 /* app-swooshUITests */ = {
			isa = PBXNativeTarget;
			buildConfigurationList = F30F9F4021040BE700312AF0 /* Build configuration list for PBXNativeTarget "app-swooshUITests" */;
			buildPhases = (
				F30F9F2D21040BE700312AF0 /* Sources */,
				F30F9F2E21040BE700312AF0 /* Frameworks */,
				F30F9F2F21040BE700312AF0 /* Resources */,
			);
			buildRules = (
			);
			dependencies = (
				F30F9F3321040BE700312AF0 /* PBXTargetDependency */,
			);
			name = "app-swooshUITests";
			productName = "app-swooshUITests";
			productReference = F30F9F3121040BE700312AF0 /* app-swooshUITests.xctest */;
			productType = "com.apple.product-type.bundle.ui-testing";
		};
/* End PBXNativeTarget section */

/* Begin PBXProject section */
		F30F9F0A21040BE600312AF0 /* Project object */ = {
			isa = PBXProject;
			attributes = {
				LastSwiftUpdateCheck = 0830;
				LastUpgradeCheck = 0830;
				ORGANIZATIONNAME = "Gregory Maldonado";
				TargetAttributes = {
					F30F9F1121040BE600312AF0 = {
						CreatedOnToolsVersion = 8.3.3;
						ProvisioningStyle = Automatic;
					};
					F30F9F2521040BE600312AF0 = {
						CreatedOnToolsVersion = 8.3.3;
						ProvisioningStyle = Automatic;
						TestTargetID = F30F9F1121040BE600312AF0;
					};
					F30F9F3021040BE700312AF0 = {
						CreatedOnToolsVersion = 8.3.3;
						ProvisioningStyle = Automatic;
						TestTargetID = F30F9F1121040BE600312AF0;
					};
				};
			};
			buildConfigurationList = F30F9F0D21040BE600312AF0 /* Build configuration list for PBXProject "app-swoosh" */;
			compatibilityVersion = "Xcode 3.2";
			developmentRegion = English;
			hasScannedForEncodings = 0;
			knownRegions = (
				en,
				Base,
			);
			mainGroup = F30F9F0921040BE600312AF0;
			productRefGroup = F30F9F1321040BE600312AF0 /* Products */;
			projectDirPath = "";
			projectRoot = "";
			targets = (
				F30F9F1121040BE600312AF0 /* app-swoosh */,
				F30F9F2521040BE600312AF0 /* app-swooshTests */,
				F30F9F3021040BE700312AF0 /* app-swooshUITests */,
			);
		};
/* End PBXProject section */

/* Begin PBXResourcesBuildPhase section */
		F30F9F1021040BE600312AF0 /* Resources */ = {
			isa = PBXResourcesBuildPhase;
			buildActionMask = 2147483647;
			files = (
				F30F9F2021040BE600312AF0 /* LaunchScreen.storyboard in Resources */,
				F30F9F1D21040BE600312AF0 /* Assets.xcassets in Resources */,
				F30F9F1B21040BE600312AF0 /* Main.storyboard in Resources */,
			);
			runOnlyForDeploymentPostprocessing = 0;
		};
		F30F9F2421040BE600312AF0 /* Resources */ = {
			isa = PBXResourcesBuildPhase;
			buildActionMask = 2147483647;
			files = (
			);
			runOnlyForDeploymentPostprocessing = 0;
		};
		F30F9F2F21040BE700312AF0 /* Resources */ = {
			isa = PBXResourcesBuildPhase;
			buildActionMask = 2147483647;
			files = (
			);
			runOnlyForDeploymentPostprocessing = 0;
		};
/* End PBXResourcesBuildPhase section */

/* Begin PBXSourcesBuildPhase section */
		F30F9F0E21040BE600312AF0 /* Sources */ = {
			isa = PBXSourcesBuildPhase;
			buildActionMask = 2147483647;
			files = (
				F30F9F1821040BE600312AF0 /* ViewController.swift in Sources */,
				F30F9F1621040BE600312AF0 /* AppDelegate.swift in Sources */,
				F30F9F452104136C00312AF0 /* BorderButton.swift in Sources */,
			);
			runOnlyForDeploymentPostprocessing = 0;
		};
		F30F9F2221040BE600312AF0 /* Sources */ = {
			isa = PBXSourcesBuildPhase;
			buildActionMask = 2147483647;
			files = (
				F30F9F2B21040BE700312AF0 /* app_swooshTests.swift in Sources */,
			);
			runOnlyForDeploymentPostprocessing = 0;
		};
		F30F9F2D21040BE700312AF0 /* Sources */ = {
			isa = PBXSourcesBuildPhase;
			buildActionMask = 2147483647;
			files = (
				F30F9F3621040BE700312AF0 /* app_swooshUITests.swift in Sources */,
			);
			runOnlyForDeploymentPostprocessing = 0;
		};
/* End PBXSourcesBuildPhase section */

/* Begin PBXTargetDependency section */
		F30F9F2821040BE600312AF0 /* PBXTargetDependency */ = {
			isa = PBXTargetDependency;
			target = F30F9F1121040BE600312AF0 /* app-swoosh */;
			targetProxy = F30F9F2721040BE600312AF0 /* PBXContainerItemProxy */;
		};
		F30F9F3321040BE700312AF0 /* PBXTargetDependency */ = {
			isa = PBXTargetDependency;
			target = F30F9F1121040BE600312AF0 /* app-swoosh */;
			targetProxy = F30F9F3221040BE700312AF0 /* PBXContainerItemProxy */;
		};
/* End PBXTargetDependency section */

/* Begin PBXVariantGroup section */
		F30F9F1921040BE600312AF0 /* Main.storyboard */ = {
			isa = PBXVariantGroup;
			children = (
				F30F9F1A21040BE600312AF0 /* Base */,
			);
			name = Main.storyboard;
			sourceTree = "<group>";
		};
		F30F9F1E21040BE600312AF0 /* LaunchScreen.storyboard */ = {
			isa = PBXVariantGroup;
			children = (
				F30F9F1F21040BE600312AF0 /* Base */,
			);
			name = LaunchScreen.storyboard;
			sourceTree = "<group>";
		};
/* End PBXVariantGroup section */

/* Begin XCBuildConfiguration section */
		F30F9F3821040BE700312AF0 /* Debug */ = {
			isa = XCBuildConfiguration;
			buildSettings = {
				ALWAYS_SEARCH_USER_PATHS = NO;
				CLANG_ANALYZER_NONNULL = YES;
				CLANG_ANALYZER_NUMBER_OBJECT_CONVERSION = YES_AGGRESSIVE;
				CLANG_CXX_LANGUAGE_STANDARD = "gnu++0x";
				CLANG_CXX_LIBRARY = "libc++";
				CLANG_ENABLE_MODULES = YES;
				CLANG_ENABLE_OBJC_ARC = YES;
				CLANG_WARN_BOOL_CONVERSION = YES;
				CLANG_WARN_CONSTANT_CONVERSION = YES;
				CLANG_WARN_DIRECT_OBJC_ISA_USAGE = YES_ERROR;
				CLANG_WARN_DOCUMENTATION_COMMENTS = YES;
				CLANG_WARN_EMPTY_BODY = YES;
				CLANG_WARN_ENUM_CONVERSION = YES;
				CLANG_WARN_INFINITE_RECURSION = YES;
				CLANG_WARN_INT_CONVERSION = YES;
				CLANG_WARN_OBJC_ROOT_CLASS = YES_ERROR;
				CLANG_WARN_SUSPICIOUS_MOVE = YES;
				CLANG_WARN_UNREACHABLE_CODE = YES;
				CLANG_WARN__DUPLICATE_METHOD_MATCH = YES;
				"CODE_SIGN_IDENTITY[sdk=iphoneos*]" = "iPhone Developer";
				COPY_PHASE_STRIP = NO;
				DEBUG_INFORMATION_FORMAT = dwarf;
				ENABLE_STRICT_OBJC_MSGSEND = YES;
				ENABLE_TESTABILITY = YES;
				GCC_C_LANGUAGE_STANDARD = gnu99;
				GCC_DYNAMIC_NO_PIC = NO;
				GCC_NO_COMMON_BLOCKS = YES;
				GCC_OPTIMIZATION_LEVEL = 0;
				GCC_PREPROCESSOR_DEFINITIONS = (
					"DEBUG=1",
					"$(inherited)",
				);
				GCC_WARN_64_TO_32_BIT_CONVERSION = YES;
				GCC_WARN_ABOUT_RETURN_TYPE = YES_ERROR;
				GCC_WARN_UNDECLARED_SELECTOR = YES;
				GCC_WARN_UNINITIALIZED_AUTOS = YES_AGGRESSIVE;
				GCC_WARN_UNUSED_FUNCTION = YES;
				GCC_WARN_UNUSED_VARIABLE = YES;
				IPHONEOS_DEPLOYMENT_TARGET = 10.3;
				MTL_ENABLE_DEBUG_INFO = YES;
				ONLY_ACTIVE_ARCH = YES;
				SDKROOT = iphoneos;
				SWIFT_ACTIVE_COMPILATION_CONDITIONS = DEBUG;
				SWIFT_OPTIMIZATION_LEVEL = "-Onone";
				TARGETED_DEVICE_FAMILY = "1,2";
			};
			name = Debug;
		};
		F30F9F3921040BE700312AF0 /* Release */ = {
			isa = XCBuildConfiguration;
			buildSettings = {
				ALWAYS_SEARCH_USER_PATHS = NO;
				CLANG_ANALYZER_NONNULL = YES;
				CLANG_ANALYZER_NUMBER_OBJECT_CONVERSION = YES_AGGRESSIVE;
				CLANG_CXX_LANGUAGE_STANDARD = "gnu++0x";
				CLANG_CXX_LIBRARY = "libc++";
				CLANG_ENABLE_MODULES = YES;
				CLANG_ENABLE_OBJC_ARC = YES;
				CLANG_WARN_BOOL_CONVERSION = YES;
				CLANG_WARN_CONSTANT_CONVERSION = YES;
				CLANG_WARN_DIRECT_OBJC_ISA_USAGE = YES_ERROR;
				CLANG_WARN_DOCUMENTATION_COMMENTS = YES;
				CLANG_WARN_EMPTY_BODY = YES;
				CLANG_WARN_ENUM_CONVERSION = YES;
				CLANG_WARN_INFINITE_RECURSION = YES;
				CLANG_WARN_INT_CONVERSION = YES;
				CLANG_WARN_OBJC_ROOT_CLASS = YES_ERROR;
				CLANG_WARN_SUSPICIOUS_MOVE = YES;
				CLANG_WARN_UNREACHABLE_CODE = YES;
				CLANG_WARN__DUPLICATE_METHOD_MATCH = YES;
				"CODE_SIGN_IDENTITY[sdk=iphoneos*]" = "iPhone Developer";
				COPY_PHASE_STRIP = NO;
				DEBUG_INFORMATION_FORMAT = "dwarf-with-dsym";
				ENABLE_NS_ASSERTIONS = NO;
				ENABLE_STRICT_OBJC_MSGSEND = YES;
				GCC_C_LANGUAGE_STANDARD = gnu99;
				GCC_NO_COMMON_BLOCKS = YES;
				GCC_WARN_64_TO_32_BIT_CONVERSION = YES;
				GCC_WARN_ABOUT_RETURN_TYPE = YES_ERROR;
				GCC_WARN_UNDECLARED_SELECTOR = YES;
				GCC_WARN_UNINITIALIZED_AUTOS = YES_AGGRESSIVE;
				GCC_WARN_UNUSED_FUNCTION = YES;
				GCC_WARN_UNUSED_VARIABLE = YES;
				IPHONEOS_DEPLOYMENT_TARGET = 10.3;
				MTL_ENABLE_DEBUG_INFO = NO;
				SDKROOT = iphoneos;
				SWIFT_OPTIMIZATION_LEVEL = "-Owholemodule";
				TARGETED_DEVICE_FAMILY = "1,2";
				VALIDATE_PRODUCT = YES;
			};
			name = Release;
		};
		F30F9F3B21040BE700312AF0 /* Debug */ = {
			isa = XCBuildConfiguration;
			buildSettings = {
				ASSETCATALOG_COMPILER_APPICON_NAME = AppIcon;
				INFOPLIST_FILE = "app-swoosh/Info.plist";
				LD_RUNPATH_SEARCH_PATHS = "$(inherited) @executable_path/Frameworks";
				PRODUCT_BUNDLE_IDENTIFIER = "Gregory-Maldoando.app-swoosh";
				PRODUCT_NAME = "$(TARGET_NAME)";
				SWIFT_VERSION = 3.0;
			};
			name = Debug;
		};
		F30F9F3C21040BE700312AF0 /* Release */ = {
			isa = XCBuildConfiguration;
			buildSettings = {
				ASSETCATALOG_COMPILER_APPICON_NAME = AppIcon;
				INFOPLIST_FILE = "app-swoosh/Info.plist";
				LD_RUNPATH_SEARCH_PATHS = "$(inherited) @executable_path/Frameworks";
				PRODUCT_BUNDLE_IDENTIFIER = "Gregory-Maldoando.app-swoosh";
				PRODUCT_NAME = "$(TARGET_NAME)";
				SWIFT_VERSION = 3.0;
			};
			name = Release;
		};
		F30F9F3E21040BE700312AF0 /* Debug */ = {
			isa = XCBuildConfiguration;
			buildSettings = {
				ALWAYS_EMBED_SWIFT_STANDARD_LIBRARIES = YES;
				BUNDLE_LOADER = "$(TEST_HOST)";
				INFOPLIST_FILE = "app-swooshTests/Info.plist";
				LD_RUNPATH_SEARCH_PATHS = "$(inherited) @executable_path/Frameworks @loader_path/Frameworks";
				PRODUCT_BUNDLE_IDENTIFIER = "Gregory-Maldoando.app-swooshTests";
				PRODUCT_NAME = "$(TARGET_NAME)";
				SWIFT_VERSION = 3.0;
				TEST_HOST = "$(BUILT_PRODUCTS_DIR)/app-swoosh.app/app-swoosh";
			};
			name = Debug;
		};
		F30F9F3F21040BE700312AF0 /* Release */ = {
			isa = XCBuildConfiguration;
			buildSettings = {
				ALWAYS_EMBED_SWIFT_STANDARD_LIBRARIES = YES;
				BUNDLE_LOADER = "$(TEST_HOST)";
				INFOPLIST_FILE = "app-swooshTests/Info.plist";
				LD_RUNPATH_SEARCH_PATHS = "$(inherited) @executable_path/Frameworks @loader_path/Frameworks";
				PRODUCT_BUNDLE_IDENTIFIER = "Gregory-Maldoando.app-swooshTests";
				PRODUCT_NAME = "$(TARGET_NAME)";
				SWIFT_VERSION = 3.0;
				TEST_HOST = "$(BUILT_PRODUCTS_DIR)/app-swoosh.app/app-swoosh";
			};
			name = Release;
		};
		F30F9F4121040BE700312AF0 /* Debug */ = {
			isa = XCBuildConfiguration;
			buildSettings = {
				ALWAYS_EMBED_SWIFT_STANDARD_LIBRARIES = YES;
				INFOPLIST_FILE = "app-swooshUITests/Info.plist";
				LD_RUNPATH_SEARCH_PATHS = "$(inherited) @executable_path/Frameworks @loader_path/Frameworks";
				PRODUCT_BUNDLE_IDENTIFIER = "Gregory-Maldoando.app-swooshUITests";
				PRODUCT_NAME = "$(TARGET_NAME)";
				SWIFT_VERSION = 3.0;
				TEST_TARGET_NAME = "app-swoosh";
			};
			name = Debug;
		};
		F30F9F4221040BE700312AF0 /* Release */ = {
			isa = XCBuildConfiguration;
			buildSettings = {
				ALWAYS_EMBED_SWIFT_STANDARD_LIBRARIES = YES;
				INFOPLIST_FILE = "app-swooshUITests/Info.plist";
				LD_RUNPATH_SEARCH_PATHS = "$(inherited) @executable_path/Frameworks @loader_path/Frameworks";
				PRODUCT_BUNDLE_IDENTIFIER = "Gregory-Maldoando.app-swooshUITests";
				PRODUCT_NAME = "$(TARGET_NAME)";
				SWIFT_VERSION = 3.0;
				TEST_TARGET_NAME = "app-swoosh";
			};
			name = Release;
		};
/* End XCBuildConfiguration section */

/* Begin XCConfigurationList section */
		F30F9F0D21040BE600312AF0 /* Build configuration list for PBXProject "app-swoosh" */ = {
			isa = XCConfigurationList;
			buildConfigurations = (
				F30F9F3821040BE700312AF0 /* Debug */,
				F30F9F3921040BE700312AF0 /* Release */,
			);
			defaultConfigurationIsVisible = 0;
			defaultConfigurationName = Release;
		};
		F30F9F3A21040BE700312AF0 /* Build configuration list for PBXNativeTarget "app-swoosh" */ = {
			isa = XCConfigurationList;
			buildConfigurations = (
				F30F9F3B21040BE700312AF0 /* Debug */,
				F30F9F3C21040BE700312AF0 /* Release */,
			);
			defaultConfigurationIsVisible = 0;
		};
		F30F9F3D21040BE700312AF0 /* Build configuration list for PBXNativeTarget "app-swooshTests" */ = {
			isa = XCConfigurationList;
			buildConfigurations = (
				F30F9F3E21040BE700312AF0 /* Debug */,
				F30F9F3F21040BE700312AF0 /* Release */,
			);
			defaultConfigurationIsVisible = 0;
		};
		F30F9F4021040BE700312AF0 /* Build configuration list for PBXNativeTarget "app-swooshUITests" */ = {
			isa = XCConfigurationList;
			buildConfigurations = (
				F30F9F4121040BE700312AF0 /* Debug */,
				F30F9F4221040BE700312AF0 /* Release */,
			);
			defaultConfigurationIsVisible = 0;
		};
/* End XCConfigurationList section */
	};
	rootObject = F30F9F0A21040BE600312AF0 /* Project object */;
}
